
Microsoft Visual Studio Solution File, Format Version 12.00
# Visual Studio 15
VisualStudioVersion = 15.0.27428.2015
MinimumVisualStudioVersion = 10.0.40219.1
Project("{9A19103F-16F7-4668-BE54-9A1E7A4F7556}") = "p01", "p01\p01.csproj", "{D3FDEDAD-9A91-4E80-97B7-90B884069ACA}"
EndProject
Project("{9A19103F-16F7-4668-BE54-9A1E7A4F7556}") = "p02", "p02\p02.csproj", "{7F451E68-5271-4945-A13F-2A5A9EA82F58}"
EndProject
Project("{9A19103F-16F7-4668-BE54-9A1E7A4F7556}") = "Raincast", "Raincast\Raincast.csproj", "{8F5A7576-305C-4504-B8F8-6D609A4BDA86}"
EndProject
Project("{9A19103F-16F7-4668-BE54-9A1E7A4F7556}") = "RainAir", "RainAir\RainAir.csproj", "{E5D8733B-EF80-4B1D-91F6-8288254F1152}"
EndProject
Project("{9A19103F-16F7-4668-BE54-9A1E7A4F7556}") = "Spyfer", "Spyfer\Spyfer.csproj", "{C3A42297-A412-446E-9843-9FDF5C66AFD7}"
EndProject
Project("{9A19103F-16F7-4668-BE54-9A1E7A4F7556}") = "Splinter_Trip", "Splinter_Trip\Splinter_Trip.csproj", "{AE6CF2AC-892B-4E2F-8AC4-DE073BC3F320}"
EndProject
Project("{9A19103F-16F7-4668-BE54-9A1E7A4F7556}") = "Spy_Gram", "Spy_Gram\Spy_Gram.csproj", "{FAFEC8BB-4AAA-4EEC-990C-361BA659B7EB}"
EndProject
Project("{9A19103F-16F7-4668-BE54-9A1E7A4F7556}") = "NSA", "NSA\NSA.csproj", "{4E3AA47C-BFFD-46A0-AD04-B75DD6DB78D8}"
EndProject
Project("{9A19103F-16F7-4668-BE54-9A1E7A4F7556}") = "File", "File\File.csproj", "{2F2BB62E-9DE6-48FA-B957-D52B67847549}"
EndProject
Project("{9A19103F-16F7-4668-BE54-9A1E7A4F7556}") = "KaminoFactory", "KaminoFactory\KaminoFactory.csproj", "{62058076-99EC-44A6-8C46-605478BE1BA5}"
EndProject
Project("{9A19103F-16F7-4668-BE54-9A1E7A4F7556}") = "SnowBalls", "SnowBalls\SnowBalls.csproj", "{56B7200E-1FE0-4D33-A9DF-7F35880BF8A5}"
EndProject
Project("{9A19103F-16F7-4668-BE54-9A1E7A4F7556}") = "HornetWings", "HornetWings\HornetWings.csproj", "{6A9D6E36-BC1D-4965-AA25-898FA46B0E80}"
EndProject
Project("{9A19103F-16F7-4668-BE54-9A1E7A4F7556}") = "HornerComm", "HornerComm\HornerComm.csproj", "{B80D72BE-4901-42D0-8086-49CE4D7C460B}"
EndProject
Project("{9A19103F-16F7-4668-BE54-9A1E7A4F7556}") = "HornetAssault", "HornetAssault\HornetAssault.csproj", "{1C538A54-CD0C-44C8-A7EC-662D9B5F240E}"
EndProject
Project("{9A19103F-16F7-4668-BE54-9A1E7A4F7556}") = "AnonymousDownsite", "AnonymousDownsite\AnonymousDownsite.csproj", "{7D2157D9-AD61-439E-BBD3-8D961A5CC186}"
EndProject
Project("{9A19103F-16F7-4668-BE54-9A1E7A4F7556}") = "CharityMarathon", "CharityMarathon\CharityMarathon.csproj", "{0F495F4A-598F-42AC-ADFA-BEB9A695C329}"
EndProject
Project("{9A19103F-16F7-4668-BE54-9A1E7A4F7556}") = "LadyBug", "LadyBug\LadyBug.csproj", "{76F6CBE1-39FC-4E45-961B-7B14A6FD25AA}"
EndProject
Project("{9A19103F-16F7-4668-BE54-9A1E7A4F7556}") = "Poke_Mon", "Poke_Mon\Poke_Mon.csproj", "{160691C0-C6EB-40B4-87AC-E8504D2124B7}"
EndProject
Project("{9A19103F-16F7-4668-BE54-9A1E7A4F7556}") = "SinoTheWalker", "SinoTheWalker\SinoTheWalker.csproj", "{BA9549D8-925E-4CB5-8996-989C20EA4881}"
EndProject
Project("{9A19103F-16F7-4668-BE54-9A1E7A4F7556}") = "SoftUniKaraoke", "SoftUniKaraoke\SoftUniKaraoke.csproj", "{3C576696-4A5C-4A43-8FBD-87E1D5065ECE}"
EndProject
Project("{9A19103F-16F7-4668-BE54-9A1E7A4F7556}") = "EnduranceRally", "EnduranceRally\EnduranceRally.csproj", "{F4FFFB6B-D6B4-426F-95A5-366FE5C4604C}"
EndProject
Project("{9A19103F-16F7-4668-BE54-9A1E7A4F7556}") = "WinningTickets", "WinningTickets\WinningTickets.csproj", "{42D83BC1-7E4C-4338-B292-1F623421A09D}"
EndProject
Project("{9A19103F-16F7-4668-BE54-9A1E7A4F7556}") = "RageExpenses", "RageExpenses\RageExpenses.csproj", "{0D6D31FF-2887-41DB-BA98-DEE2C0735E78}"
EndProject
Project("{9A19103F-16F7-4668-BE54-9A1E7A4F7556}") = "MemoryView", "MemoryView\MemoryView.csproj", "{887C4C51-AC63-45A0-9833-5C4FC5F1E64B}"
EndProject
Project("{9A19103F-16F7-4668-BE54-9A1E7A4F7556}") = "TseamAccount", "TseamAccount\TseamAccount.csproj", "{065F4416-ED47-48B2-B136-FF484B63CFA1}"
EndProject
Project("{9A19103F-16F7-4668-BE54-9A1E7A4F7556}") = "MOBA", "MOBA\MOBA.csproj", "{325258CD-FB55-4F56-8917-497779833900}"
EndProject
Project("{FAE04EC0-301F-11D3-BF4B-00C04F79EFBC}") = "SomeClass", "SomeClass\SomeClass.csproj", "{82352A22-3244-4621-8CB2-1FF77AA085F8}"
EndProject
Global
	GlobalSection(SolutionConfigurationPlatforms) = preSolution
		Debug|Any CPU = Debug|Any CPU
		Release|Any CPU = Release|Any CPU
	EndGlobalSection
	GlobalSection(ProjectConfigurationPlatforms) = postSolution
		{D3FDEDAD-9A91-4E80-97B7-90B884069ACA}.Debug|Any CPU.ActiveCfg = Debug|Any CPU
		{D3FDEDAD-9A91-4E80-97B7-90B884069ACA}.Debug|Any CPU.Build.0 = Debug|Any CPU
		{D3FDEDAD-9A91-4E80-97B7-90B884069ACA}.Release|Any CPU.ActiveCfg = Release|Any CPU
		{D3FDEDAD-9A91-4E80-97B7-90B884069ACA}.Release|Any CPU.Build.0 = Release|Any CPU
		{7F451E68-5271-4945-A13F-2A5A9EA82F58}.Debug|Any CPU.ActiveCfg = Debug|Any CPU
		{7F451E68-5271-4945-A13F-2A5A9EA82F58}.Debug|Any CPU.Build.0 = Debug|Any CPU
		{7F451E68-5271-4945-A13F-2A5A9EA82F58}.Release|Any CPU.ActiveCfg = Release|Any CPU
		{7F451E68-5271-4945-A13F-2A5A9EA82F58}.Release|Any CPU.Build.0 = Release|Any CPU
		{8F5A7576-305C-4504-B8F8-6D609A4BDA86}.Debug|Any CPU.ActiveCfg = Debug|Any CPU
		{8F5A7576-305C-4504-B8F8-6D609A4BDA86}.Debug|Any CPU.Build.0 = Debug|Any CPU
		{8F5A7576-305C-4504-B8F8-6D609A4BDA86}.Release|Any CPU.ActiveCfg = Release|Any CPU
		{8F5A7576-305C-4504-B8F8-6D609A4BDA86}.Release|Any CPU.Build.0 = Release|Any CPU
		{E5D8733B-EF80-4B1D-91F6-8288254F1152}.Debug|Any CPU.ActiveCfg = Debug|Any CPU
		{E5D8733B-EF80-4B1D-91F6-8288254F1152}.Debug|Any CPU.Build.0 = Debug|Any CPU
		{E5D8733B-EF80-4B1D-91F6-8288254F1152}.Release|Any CPU.ActiveCfg = Release|Any CPU
		{E5D8733B-EF80-4B1D-91F6-8288254F1152}.Release|Any CPU.Build.0 = Release|Any CPU
		{C3A42297-A412-446E-9843-9FDF5C66AFD7}.Debug|Any CPU.ActiveCfg = Debug|Any CPU
		{C3A42297-A412-446E-9843-9FDF5C66AFD7}.Debug|Any CPU.Build.0 = Debug|Any CPU
		{C3A42297-A412-446E-9843-9FDF5C66AFD7}.Release|Any CPU.ActiveCfg = Release|Any CPU
		{C3A42297-A412-446E-9843-9FDF5C66AFD7}.Release|Any CPU.Build.0 = Release|Any CPU
		{AE6CF2AC-892B-4E2F-8AC4-DE073BC3F320}.Debug|Any CPU.ActiveCfg = Debug|Any CPU
		{AE6CF2AC-892B-4E2F-8AC4-DE073BC3F320}.Debug|Any CPU.Build.0 = Debug|Any CPU
		{AE6CF2AC-892B-4E2F-8AC4-DE073BC3F320}.Release|Any CPU.ActiveCfg = Release|Any CPU
		{AE6CF2AC-892B-4E2F-8AC4-DE073BC3F320}.Release|Any CPU.Build.0 = Release|Any CPU
		{FAFEC8BB-4AAA-4EEC-990C-361BA659B7EB}.Debug|Any CPU.ActiveCfg = Debug|Any CPU
		{FAFEC8BB-4AAA-4EEC-990C-361BA659B7EB}.Debug|Any CPU.Build.0 = Debug|Any CPU
		{FAFEC8BB-4AAA-4EEC-990C-361BA659B7EB}.Release|Any CPU.ActiveCfg = Release|Any CPU
		{FAFEC8BB-4AAA-4EEC-990C-361BA659B7EB}.Release|Any CPU.Build.0 = Release|Any CPU
		{4E3AA47C-BFFD-46A0-AD04-B75DD6DB78D8}.Debug|Any CPU.ActiveCfg = Debug|Any CPU
		{4E3AA47C-BFFD-46A0-AD04-B75DD6DB78D8}.Debug|Any CPU.Build.0 = Debug|Any CPU
		{4E3AA47C-BFFD-46A0-AD04-B75DD6DB78D8}.Release|Any CPU.ActiveCfg = Release|Any CPU
		{4E3AA47C-BFFD-46A0-AD04-B75DD6DB78D8}.Release|Any CPU.Build.0 = Release|Any CPU
		{2F2BB62E-9DE6-48FA-B957-D52B67847549}.Debug|Any CPU.ActiveCfg = Debug|Any CPU
		{2F2BB62E-9DE6-48FA-B957-D52B67847549}.Debug|Any CPU.Build.0 = Debug|Any CPU
		{2F2BB62E-9DE6-48FA-B957-D52B67847549}.Release|Any CPU.ActiveCfg = Release|Any CPU
		{2F2BB62E-9DE6-48FA-B957-D52B67847549}.Release|Any CPU.Build.0 = Release|Any CPU
		{62058076-99EC-44A6-8C46-605478BE1BA5}.Debug|Any CPU.ActiveCfg = Debug|Any CPU
		{62058076-99EC-44A6-8C46-605478BE1BA5}.Debug|Any CPU.Build.0 = Debug|Any CPU
		{62058076-99EC-44A6-8C46-605478BE1BA5}.Release|Any CPU.ActiveCfg = Release|Any CPU
		{62058076-99EC-44A6-8C46-605478BE1BA5}.Release|Any CPU.Build.0 = Release|Any CPU
		{56B7200E-1FE0-4D33-A9DF-7F35880BF8A5}.Debug|Any CPU.ActiveCfg = Debug|Any CPU
		{56B7200E-1FE0-4D33-A9DF-7F35880BF8A5}.Debug|Any CPU.Build.0 = Debug|Any CPU
		{56B7200E-1FE0-4D33-A9DF-7F35880BF8A5}.Release|Any CPU.ActiveCfg = Release|Any CPU
		{56B7200E-1FE0-4D33-A9DF-7F35880BF8A5}.Release|Any CPU.Build.0 = Release|Any CPU
		{6A9D6E36-BC1D-4965-AA25-898FA46B0E80}.Debug|Any CPU.ActiveCfg = Debug|Any CPU
		{6A9D6E36-BC1D-4965-AA25-898FA46B0E80}.Debug|Any CPU.Build.0 = Debug|Any CPU
		{6A9D6E36-BC1D-4965-AA25-898FA46B0E80}.Release|Any CPU.ActiveCfg = Release|Any CPU
		{6A9D6E36-BC1D-4965-AA25-898FA46B0E80}.Release|Any CPU.Build.0 = Release|Any CPU
		{B80D72BE-4901-42D0-8086-49CE4D7C460B}.Debug|Any CPU.ActiveCfg = Debug|Any CPU
		{B80D72BE-4901-42D0-8086-49CE4D7C460B}.Debug|Any CPU.Build.0 = Debug|Any CPU
		{B80D72BE-4901-42D0-8086-49CE4D7C460B}.Release|Any CPU.ActiveCfg = Release|Any CPU
		{B80D72BE-4901-42D0-8086-49CE4D7C460B}.Release|Any CPU.Build.0 = Release|Any CPU
		{1C538A54-CD0C-44C8-A7EC-662D9B5F240E}.Debug|Any CPU.ActiveCfg = Debug|Any CPU
		{1C538A54-CD0C-44C8-A7EC-662D9B5F240E}.Debug|Any CPU.Build.0 = Debug|Any CPU
		{1C538A54-CD0C-44C8-A7EC-662D9B5F240E}.Release|Any CPU.ActiveCfg = Release|Any CPU
		{1C538A54-CD0C-44C8-A7EC-662D9B5F240E}.Release|Any CPU.Build.0 = Release|Any CPU
		{7D2157D9-AD61-439E-BBD3-8D961A5CC186}.Debug|Any CPU.ActiveCfg = Debug|Any CPU
		{7D2157D9-AD61-439E-BBD3-8D961A5CC186}.Debug|Any CPU.Build.0 = Debug|Any CPU
		{7D2157D9-AD61-439E-BBD3-8D961A5CC186}.Release|Any CPU.ActiveCfg = Release|Any CPU
		{7D2157D9-AD61-439E-BBD3-8D961A5CC186}.Release|Any CPU.Build.0 = Release|Any CPU
		{0F495F4A-598F-42AC-ADFA-BEB9A695C329}.Debug|Any CPU.ActiveCfg = Debug|Any CPU
		{0F495F4A-598F-42AC-ADFA-BEB9A695C329}.Debug|Any CPU.Build.0 = Debug|Any CPU
		{0F495F4A-598F-42AC-ADFA-BEB9A695C329}.Release|Any CPU.ActiveCfg = Release|Any CPU
		{0F495F4A-598F-42AC-ADFA-BEB9A695C329}.Release|Any CPU.Build.0 = Release|Any CPU
		{76F6CBE1-39FC-4E45-961B-7B14A6FD25AA}.Debug|Any CPU.ActiveCfg = Debug|Any CPU
		{76F6CBE1-39FC-4E45-961B-7B14A6FD25AA}.Debug|Any CPU.Build.0 = Debug|Any CPU
		{76F6CBE1-39FC-4E45-961B-7B14A6FD25AA}.Release|Any CPU.ActiveCfg = Release|Any CPU
		{76F6CBE1-39FC-4E45-961B-7B14A6FD25AA}.Release|Any CPU.Build.0 = Release|Any CPU
		{160691C0-C6EB-40B4-87AC-E8504D2124B7}.Debug|Any CPU.ActiveCfg = Debug|Any CPU
		{160691C0-C6EB-40B4-87AC-E8504D2124B7}.Debug|Any CPU.Build.0 = Debug|Any CPU
		{160691C0-C6EB-40B4-87AC-E8504D2124B7}.Release|Any CPU.ActiveCfg = Release|Any CPU
		{160691C0-C6EB-40B4-87AC-E8504D2124B7}.Release|Any CPU.Build.0 = Release|Any CPU
		{BA9549D8-925E-4CB5-8996-989C20EA4881}.Debug|Any CPU.ActiveCfg = Debug|Any CPU
		{BA9549D8-925E-4CB5-8996-989C20EA4881}.Debug|Any CPU.Build.0 = Debug|Any CPU
		{BA9549D8-925E-4CB5-8996-989C20EA4881}.Release|Any CPU.ActiveCfg = Release|Any CPU
		{BA9549D8-925E-4CB5-8996-989C20EA4881}.Release|Any CPU.Build.0 = Release|Any CPU
		{3C576696-4A5C-4A43-8FBD-87E1D5065ECE}.Debug|Any CPU.ActiveCfg = Debug|Any CPU
		{3C576696-4A5C-4A43-8FBD-87E1D5065ECE}.Debug|Any CPU.Build.0 = Debug|Any CPU
		{3C576696-4A5C-4A43-8FBD-87E1D5065ECE}.Release|Any CPU.ActiveCfg = Release|Any CPU
		{3C576696-4A5C-4A43-8FBD-87E1D5065ECE}.Release|Any CPU.Build.0 = Release|Any CPU
		{F4FFFB6B-D6B4-426F-95A5-366FE5C4604C}.Debug|Any CPU.ActiveCfg = Debug|Any CPU
		{F4FFFB6B-D6B4-426F-95A5-366FE5C4604C}.Debug|Any CPU.Build.0 = Debug|Any CPU
		{F4FFFB6B-D6B4-426F-95A5-366FE5C4604C}.Release|Any CPU.ActiveCfg = Release|Any CPU
		{F4FFFB6B-D6B4-426F-95A5-366FE5C4604C}.Release|Any CPU.Build.0 = Release|Any CPU
		{42D83BC1-7E4C-4338-B292-1F623421A09D}.Debug|Any CPU.ActiveCfg = Debug|Any CPU
		{42D83BC1-7E4C-4338-B292-1F623421A09D}.Debug|Any CPU.Build.0 = Debug|Any CPU
		{42D83BC1-7E4C-4338-B292-1F623421A09D}.Release|Any CPU.ActiveCfg = Release|Any CPU
		{42D83BC1-7E4C-4338-B292-1F623421A09D}.Release|Any CPU.Build.0 = Release|Any CPU
		{0D6D31FF-2887-41DB-BA98-DEE2C0735E78}.Debug|Any CPU.ActiveCfg = Debug|Any CPU
		{0D6D31FF-2887-41DB-BA98-DEE2C0735E78}.Debug|Any CPU.Build.0 = Debug|Any CPU
		{0D6D31FF-2887-41DB-BA98-DEE2C0735E78}.Release|Any CPU.ActiveCfg = Release|Any CPU
		{0D6D31FF-2887-41DB-BA98-DEE2C0735E78}.Release|Any CPU.Build.0 = Release|Any CPU
		{887C4C51-AC63-45A0-9833-5C4FC5F1E64B}.Debug|Any CPU.ActiveCfg = Debug|Any CPU
		{887C4C51-AC63-45A0-9833-5C4FC5F1E64B}.Debug|Any CPU.Build.0 = Debug|Any CPU
		{887C4C51-AC63-45A0-9833-5C4FC5F1E64B}.Release|Any CPU.ActiveCfg = Release|Any CPU
		{887C4C51-AC63-45A0-9833-5C4FC5F1E64B}.Release|Any CPU.Build.0 = Release|Any CPU
		{065F4416-ED47-48B2-B136-FF484B63CFA1}.Debug|Any CPU.ActiveCfg = Debug|Any CPU
		{065F4416-ED47-48B2-B136-FF484B63CFA1}.Debug|Any CPU.Build.0 = Debug|Any CPU
		{065F4416-ED47-48B2-B136-FF484B63CFA1}.Release|Any CPU.ActiveCfg = Release|Any CPU
		{065F4416-ED47-48B2-B136-FF484B63CFA1}.Release|Any CPU.Build.0 = Release|Any CPU
		{325258CD-FB55-4F56-8917-497779833900}.Debug|Any CPU.ActiveCfg = Debug|Any CPU
		{325258CD-FB55-4F56-8917-497779833900}.Debug|Any CPU.Build.0 = Debug|Any CPU
		{325258CD-FB55-4F56-8917-497779833900}.Release|Any CPU.ActiveCfg = Release|Any CPU
		{325258CD-FB55-4F56-8917-497779833900}.Release|Any CPU.Build.0 = Release|Any CPU
		{82352A22-3244-4621-8CB2-1FF77AA085F8}.Debug|Any CPU.ActiveCfg = Debug|Any CPU
		{82352A22-3244-4621-8CB2-1FF77AA085F8}.Debug|Any CPU.Build.0 = Debug|Any CPU
		{82352A22-3244-4621-8CB2-1FF77AA085F8}.Release|Any CPU.ActiveCfg = Release|Any CPU
		{82352A22-3244-4621-8CB2-1FF77AA085F8}.Release|Any CPU.Build.0 = Release|Any CPU
	EndGlobalSection
	GlobalSection(SolutionProperties) = preSolution
		HideSolutionNode = FALSE
	EndGlobalSection
	GlobalSection(ExtensibilityGlobals) = postSolution
		SolutionGuid = {59D73CE3-696E-464B-9E4C-64B323F60BC0}
	EndGlobalSection
EndGlobal
